
Microsoft Visual Studio Solution File, Format Version 12.00
# Visual Studio 15
VisualStudioVersion = 15.0.26124.0
MinimumVisualStudioVersion = 15.0.26124.0
Project("{9A19103F-16F7-4668-BE54-9A1E7A4F7556}") = "ElectroneumApiClient", "ElectroneumApiClient\ElectroneumApiClient.csproj", "{73D10D67-B1DA-40FA-8361-BB610BC8B55B}"
EndProject
Project("{9A19103F-16F7-4668-BE54-9A1E7A4F7556}") = "ElectroneumApiClient.Tests", "ElectroneumApiClient.Tests\ElectroneumApiClient.Tests.csproj", "{0492884D-F27A-4ACD-8D90-53B3648F06DB}"
EndProject
Project("{9A19103F-16F7-4668-BE54-9A1E7A4F7556}") = "ElectroneumApiWebApp", "ElectroneumApiWebApp\ElectroneumApiWebApp.csproj", "{B0EEF9F7-8339-4AAD-A4E2-E4D6650E2640}"
EndProject
Project("{2150E333-8FDC-42A3-9474-1A3956D46DE8}") = "libs", "libs", "{92D9F1D9-CAFD-4360-95A1-ADABF762E367}"
EndProject
Global
	GlobalSection(SolutionConfigurationPlatforms) = preSolution
		Debug|Any CPU = Debug|Any CPU
		Debug|x64 = Debug|x64
		Debug|x86 = Debug|x86
		Release|Any CPU = Release|Any CPU
		Release|x64 = Release|x64
		Release|x86 = Release|x86
	EndGlobalSection
	GlobalSection(ProjectConfigurationPlatforms) = postSolution
		{73D10D67-B1DA-40FA-8361-BB610BC8B55B}.Debug|Any CPU.ActiveCfg = Debug|Any CPU
		{73D10D67-B1DA-40FA-8361-BB610BC8B55B}.Debug|Any CPU.Build.0 = Debug|Any CPU
		{73D10D67-B1DA-40FA-8361-BB610BC8B55B}.Debug|x64.ActiveCfg = Debug|Any CPU
		{73D10D67-B1DA-40FA-8361-BB610BC8B55B}.Debug|x64.Build.0 = Debug|Any CPU
		{73D10D67-B1DA-40FA-8361-BB610BC8B55B}.Debug|x86.ActiveCfg = Debug|Any CPU
		{73D10D67-B1DA-40FA-8361-BB610BC8B55B}.Debug|x86.Build.0 = Debug|Any CPU
		{73D10D67-B1DA-40FA-8361-BB610BC8B55B}.Release|Any CPU.ActiveCfg = Release|Any CPU
		{73D10D67-B1DA-40FA-8361-BB610BC8B55B}.Release|Any CPU.Build.0 = Release|Any CPU
		{73D10D67-B1DA-40FA-8361-BB610BC8B55B}.Release|x64.ActiveCfg = Release|Any CPU
		{73D10D67-B1DA-40FA-8361-BB610BC8B55B}.Release|x64.Build.0 = Release|Any CPU
		{73D10D67-B1DA-40FA-8361-BB610BC8B55B}.Release|x86.ActiveCfg = Release|Any CPU
		{73D10D67-B1DA-40FA-8361-BB610BC8B55B}.Release|x86.Build.0 = Release|Any CPU
		{0492884D-F27A-4ACD-8D90-53B3648F06DB}.Debug|Any CPU.ActiveCfg = Debug|Any CPU
		{0492884D-F27A-4ACD-8D90-53B3648F06DB}.Debug|Any CPU.Build.0 = Debug|Any CPU
		{0492884D-F27A-4ACD-8D90-53B3648F06DB}.Debug|x64.ActiveCfg = Debug|Any CPU
		{0492884D-F27A-4ACD-8D90-53B3648F06DB}.Debug|x64.Build.0 = Debug|Any CPU
		{0492884D-F27A-4ACD-8D90-53B3648F06DB}.Debug|x86.ActiveCfg = Debug|Any CPU
		{0492884D-F27A-4ACD-8D90-53B3648F06DB}.Debug|x86.Build.0 = Debug|Any CPU
		{0492884D-F27A-4ACD-8D90-53B3648F06DB}.Release|Any CPU.ActiveCfg = Release|Any CPU
		{0492884D-F27A-4ACD-8D90-53B3648F06DB}.Release|Any CPU.Build.0 = Release|Any CPU
		{0492884D-F27A-4ACD-8D90-53B3648F06DB}.Release|x64.ActiveCfg = Release|Any CPU
		{0492884D-F27A-4ACD-8D90-53B3648F06DB}.Release|x64.Build.0 = Release|Any CPU
		{0492884D-F27A-4ACD-8D90-53B3648F06DB}.Release|x86.ActiveCfg = Release|Any CPU
		{0492884D-F27A-4ACD-8D90-53B3648F06DB}.Release|x86.Build.0 = Release|Any CPU
		{B0EEF9F7-8339-4AAD-A4E2-E4D6650E2640}.Debug|Any CPU.ActiveCfg = Debug|Any CPU
		{B0EEF9F7-8339-4AAD-A4E2-E4D6650E2640}.Debug|Any CPU.Build.0 = Debug|Any CPU
		{B0EEF9F7-8339-4AAD-A4E2-E4D6650E2640}.Debug|x64.ActiveCfg = Debug|Any CPU
		{B0EEF9F7-8339-4AAD-A4E2-E4D6650E2640}.Debug|x64.Build.0 = Debug|Any CPU
		{B0EEF9F7-8339-4AAD-A4E2-E4D6650E2640}.Debug|x86.ActiveCfg = Debug|Any CPU
		{B0EEF9F7-8339-4AAD-A4E2-E4D6650E2640}.Debug|x86.Build.0 = Debug|Any CPU
		{B0EEF9F7-8339-4AAD-A4E2-E4D6650E2640}.Release|Any CPU.ActiveCfg = Release|Any CPU
		{B0EEF9F7-8339-4AAD-A4E2-E4D6650E2640}.Release|Any CPU.Build.0 = Release|Any CPU
		{B0EEF9F7-8339-4AAD-A4E2-E4D6650E2640}.Release|x64.ActiveCfg = Release|Any CPU
		{B0EEF9F7-8339-4AAD-A4E2-E4D6650E2640}.Release|x64.Build.0 = Release|Any CPU
		{B0EEF9F7-8339-4AAD-A4E2-E4D6650E2640}.Release|x86.ActiveCfg = Release|Any CPU
		{B0EEF9F7-8339-4AAD-A4E2-E4D6650E2640}.Release|x86.Build.0 = Release|Any CPU
	EndGlobalSection
	GlobalSection(SolutionProperties) = preSolution
		HideSolutionNode = FALSE
	EndGlobalSection
	GlobalSection(NestedProjects) = preSolution
		{73D10D67-B1DA-40FA-8361-BB610BC8B55B} = {92D9F1D9-CAFD-4360-95A1-ADABF762E367}
		{0492884D-F27A-4ACD-8D90-53B3648F06DB} = {92D9F1D9-CAFD-4360-95A1-ADABF762E367}
	EndGlobalSection
	GlobalSection(ExtensibilityGlobals) = postSolution
		SolutionGuid = {4F7771E9-BAF2-484D-9846-6B1789DE074D}
	EndGlobalSection
EndGlobal
